
Microsoft Visual Studio Solution File, Format Version 12.00
# Visual Studio Version 16
VisualStudioVersion = 16.0.29709.97
MinimumVisualStudioVersion = 10.0.40219.1
Project("{FAE04EC0-301F-11D3-BF4B-00C04F79EFBC}") = "3", "3\3.csproj", "{52703E69-36C9-4305-97FC-2DA3EB69731F}"
EndProject
Project("{FAE04EC0-301F-11D3-BF4B-00C04F79EFBC}") = "JsonRepository", "JsonRepository\JsonRepository.csproj", "{70D077E0-1F0E-40AB-90FF-FBB8403CAE66}"
EndProject
Project("{FAE04EC0-301F-11D3-BF4B-00C04F79EFBC}") = "UtilsNET", "UtilsNET\UtilsNET.csproj", "{90913429-FFB2-40E4-9424-821414022588}"
EndProject
Project("{FAE04EC0-301F-11D3-BF4B-00C04F79EFBC}") = "SqlServerRepository", "SqlServerRepository\SqlServerRepository.csproj", "{197C25B2-1AD7-43C3-882B-74D99F2731B8}"
EndProject
Global
	GlobalSection(SolutionConfigurationPlatforms) = preSolution
		Debug|Any CPU = Debug|Any CPU
		Release|Any CPU = Release|Any CPU
	EndGlobalSection
	GlobalSection(ProjectConfigurationPlatforms) = postSolution
		{52703E69-36C9-4305-97FC-2DA3EB69731F}.Debug|Any CPU.ActiveCfg = Debug|Any CPU
		{52703E69-36C9-4305-97FC-2DA3EB69731F}.Debug|Any CPU.Build.0 = Debug|Any CPU
		{52703E69-36C9-4305-97FC-2DA3EB69731F}.Release|Any CPU.ActiveCfg = Release|Any CPU
		{52703E69-36C9-4305-97FC-2DA3EB69731F}.Release|Any CPU.Build.0 = Release|Any CPU
		{70D077E0-1F0E-40AB-90FF-FBB8403CAE66}.Debug|Any CPU.ActiveCfg = Debug|Any CPU
		{70D077E0-1F0E-40AB-90FF-FBB8403CAE66}.Debug|Any CPU.Build.0 = Debug|Any CPU
		{70D077E0-1F0E-40AB-90FF-FBB8403CAE66}.Release|Any CPU.ActiveCfg = Release|Any CPU
		{70D077E0-1F0E-40AB-90FF-FBB8403CAE66}.Release|Any CPU.Build.0 = Release|Any CPU
		{90913429-FFB2-40E4-9424-821414022588}.Debug|Any CPU.ActiveCfg = Debug|Any CPU
		{90913429-FFB2-40E4-9424-821414022588}.Debug|Any CPU.Build.0 = Debug|Any CPU
		{90913429-FFB2-40E4-9424-821414022588}.Release|Any CPU.ActiveCfg = Release|Any CPU
		{90913429-FFB2-40E4-9424-821414022588}.Release|Any CPU.Build.0 = Release|Any CPU
		{197C25B2-1AD7-43C3-882B-74D99F2731B8}.Debug|Any CPU.ActiveCfg = Debug|Any CPU
		{197C25B2-1AD7-43C3-882B-74D99F2731B8}.Debug|Any CPU.Build.0 = Debug|Any CPU
		{197C25B2-1AD7-43C3-882B-74D99F2731B8}.Release|Any CPU.ActiveCfg = Release|Any CPU
		{197C25B2-1AD7-43C3-882B-74D99F2731B8}.Release|Any CPU.Build.0 = Release|Any CPU
	EndGlobalSection
	GlobalSection(SolutionProperties) = preSolution
		HideSolutionNode = FALSE
	EndGlobalSection
	GlobalSection(ExtensibilityGlobals) = postSolution
		SolutionGuid = {F1B484E7-FD68-48CF-B96B-2642A0800664}
	EndGlobalSection
EndGlobal
