
Microsoft Visual Studio Solution File, Format Version 12.00
# Visual Studio Version 16
VisualStudioVersion = 16.0.29806.167
MinimumVisualStudioVersion = 10.0.40219.1
Project("{FAE04EC0-301F-11D3-BF4B-00C04F79EFBC}") = "1(new)", "1(new)\1(new).csproj", "{894883B2-6AAD-4EBF-A03C-8EFE7A928C78}"
EndProject
Project("{FAE04EC0-301F-11D3-BF4B-00C04F79EFBC}") = "FourthTaskClient", "FourthTaskClient\FourthTaskClient.csproj", "{E9BE9096-AAFB-4813-A582-D509E475902C}"
EndProject
Global
	GlobalSection(SolutionConfigurationPlatforms) = preSolution
		Debug|Any CPU = Debug|Any CPU
		Release|Any CPU = Release|Any CPU
	EndGlobalSection
	GlobalSection(ProjectConfigurationPlatforms) = postSolution
		{894883B2-6AAD-4EBF-A03C-8EFE7A928C78}.Debug|Any CPU.ActiveCfg = Debug|Any CPU
		{894883B2-6AAD-4EBF-A03C-8EFE7A928C78}.Debug|Any CPU.Build.0 = Debug|Any CPU
		{894883B2-6AAD-4EBF-A03C-8EFE7A928C78}.Release|Any CPU.ActiveCfg = Release|Any CPU
		{894883B2-6AAD-4EBF-A03C-8EFE7A928C78}.Release|Any CPU.Build.0 = Release|Any CPU
		{E9BE9096-AAFB-4813-A582-D509E475902C}.Debug|Any CPU.ActiveCfg = Debug|Any CPU
		{E9BE9096-AAFB-4813-A582-D509E475902C}.Debug|Any CPU.Build.0 = Debug|Any CPU
		{E9BE9096-AAFB-4813-A582-D509E475902C}.Release|Any CPU.ActiveCfg = Release|Any CPU
		{E9BE9096-AAFB-4813-A582-D509E475902C}.Release|Any CPU.Build.0 = Release|Any CPU
	EndGlobalSection
	GlobalSection(SolutionProperties) = preSolution
		HideSolutionNode = FALSE
	EndGlobalSection
	GlobalSection(ExtensibilityGlobals) = postSolution
		SolutionGuid = {40E0B3FA-6DC6-4F9A-9AE0-F2D1E41B83C5}
	EndGlobalSection
EndGlobal
